<?xml version="1.0" encoding="utf-8"?>
<Project ToolsVersion="4.0" xmlns="http://schemas.microsoft.com/developer/msbuild/2003">
  <ItemGroup>
    <Filter Include="resource">
      <UniqueIdentifier>{fd9fd2a8-6c1e-4f9d-915a-0aa098fedcf4}</UniqueIdentifier>
      <Extensions>rc;ico;cur;bmp;dlg;rc2;rct;bin;rgs;jpg;jpeg;jpe;png;manifest</Extensions>
    </Filter>
    <Filter Include="scenes">
      <UniqueIdentifier>{3cad7a5c-6ed4-4676-b7c7-119f569eae3e}</UniqueIdentifier>
    </Filter>
    <Filter Include="main">
      <UniqueIdentifier>{932a8647-f262-4085-9197-33f5469fd929}</UniqueIdentifier>
    </Filter>
    <Filter Include="network">
      <UniqueIdentifier>{c737486a-dc0a-4908-9620-f20a611cad9d}</UniqueIdentifier>
    </Filter>
    <Filter Include="utils">
      <UniqueIdentifier>{5159f255-b457-4200-aff5-438b43324a23}</UniqueIdentifier>
    </Filter>
  </ItemGroup>
  <ItemGroup>
    <Image Include="res\Cocos2DxClient.ico">
      <Filter>resource</Filter>
    </Image>
    <Image Include="..\Resources\CloseSelected.png">
      <Filter>resource</Filter>
    </Image>
    <Image Include="..\Resources\CloseNormal.png">
      <Filter>resource</Filter>
    </Image>
    <Image Include="..\Resources\HelloWorld.png">
      <Filter>resource</Filter>
    </Image>
    <Image Include="..\Resources\green_edit.png">
      <Filter>resource</Filter>
    </Image>
  </ItemGroup>
  <ItemGroup>
    <ResourceCompile Include="Cocos2DxClient.rc">
      <Filter>resource</Filter>
    </ResourceCompile>
  </ItemGroup>
  <ItemGroup>
    <ClInclude Include="..\Classes\HelloWorldScene.h">
      <Filter>scenes</Filter>
    </ClInclude>
    <ClInclude Include="..\Classes\AppDelegate.h">
      <Filter>main</Filter>
    </ClInclude>
    <ClInclude Include="main.h">
      <Filter>main</Filter>
    </ClInclude>
    <ClInclude Include="resource.h">
      <Filter>main</Filter>
    </ClInclude>
    <ClInclude Include="LoginScene.h">
      <Filter>scenes</Filter>
    </ClInclude>
    <ClInclude Include="PollingSocket.h">
      <Filter>network</Filter>
    </ClInclude>
    <ClInclude Include="Network.h">
      <Filter>network</Filter>
    </ClInclude>
    <ClInclude Include="TSingleton.h">
      <Filter>utils</Filter>
    </ClInclude>
    <ClInclude Include="Log.h">
      <Filter>utils</Filter>
    </ClInclude>
  </ItemGroup>
  <ItemGroup>
    <ClCompile Include="..\Classes\HelloWorldScene.cpp">
      <Filter>scenes</Filter>
    </ClCompile>
    <ClCompile Include="..\Classes\AppDelegate.cpp">
      <Filter>main</Filter>
    </ClCompile>
    <ClCompile Include="main.cpp">
      <Filter>main</Filter>
    </ClCompile>
    <ClCompile Include="LoginScene.cpp">
      <Filter>scenes</Filter>
    </ClCompile>
    <ClCompile Include="PollingSocket.cpp">
      <Filter>network</Filter>
    </ClCompile>
    <ClCompile Include="Network.cpp">
      <Filter>network</Filter>
    </ClCompile>
    <ClCompile Include="Log.cpp">
      <Filter>utils</Filter>
    </ClCompile>
  </ItemGroup>
</Project>